
Microsoft Visual Studio Solution File, Format Version 12.00
# Visual Studio Version 17
VisualStudioVersion = 17.4.33103.184
MinimumVisualStudioVersion = 10.0.40219.1
Project("{FAE04EC0-301F-11D3-BF4B-00C04F79EFBC}") = "FrontEndAPI", "FrontEndAPI\FrontEndAPI.csproj", "{C2971954-1258-4C3A-9417-B960CED4FB1B}"
EndProject
Global
	GlobalSection(SolutionConfigurationPlatforms) = preSolution
		Debug|Any CPU = Debug|Any CPU
		Release|Any CPU = Release|Any CPU
	EndGlobalSection
	GlobalSection(ProjectConfigurationPlatforms) = postSolution
		{C2971954-1258-4C3A-9417-B960CED4FB1B}.Debug|Any CPU.ActiveCfg = Debug|Any CPU
		{C2971954-1258-4C3A-9417-B960CED4FB1B}.Debug|Any CPU.Build.0 = Debug|Any CPU
		{C2971954-1258-4C3A-9417-B960CED4FB1B}.Release|Any CPU.ActiveCfg = Release|Any CPU
		{C2971954-1258-4C3A-9417-B960CED4FB1B}.Release|Any CPU.Build.0 = Release|Any CPU
	EndGlobalSection
	GlobalSection(SolutionProperties) = preSolution
		HideSolutionNode = FALSE
	EndGlobalSection
	GlobalSection(ExtensibilityGlobals) = postSolution
		SolutionGuid = {743A1167-26D7-4F57-977B-37232D430681}
	EndGlobalSection
EndGlobal
